
Microsoft Visual Studio Solution File, Format Version 12.00
# Visual Studio Version 17
VisualStudioVersion = 17.11.35327.3
MinimumVisualStudioVersion = 10.0.40219.1
Project("{FAE04EC0-301F-11D3-BF4B-00C04F79EFBC}") = "PrevisaoTempoSQLite", "PrevisaoTempoSQLite\PrevisaoTempoSQLite.csproj", "{29BC521A-4F62-44A2-A3F4-413E8174FD57}"
EndProject
Global
	GlobalSection(SolutionConfigurationPlatforms) = preSolution
		Debug|Any CPU = Debug|Any CPU
		Release|Any CPU = Release|Any CPU
	EndGlobalSection
	GlobalSection(ProjectConfigurationPlatforms) = postSolution
		{29BC521A-4F62-44A2-A3F4-413E8174FD57}.Debug|Any CPU.ActiveCfg = Debug|Any CPU
		{29BC521A-4F62-44A2-A3F4-413E8174FD57}.Debug|Any CPU.Build.0 = Debug|Any CPU
		{29BC521A-4F62-44A2-A3F4-413E8174FD57}.Debug|Any CPU.Deploy.0 = Debug|Any CPU
		{29BC521A-4F62-44A2-A3F4-413E8174FD57}.Release|Any CPU.ActiveCfg = Release|Any CPU
		{29BC521A-4F62-44A2-A3F4-413E8174FD57}.Release|Any CPU.Build.0 = Release|Any CPU
		{29BC521A-4F62-44A2-A3F4-413E8174FD57}.Release|Any CPU.Deploy.0 = Release|Any CPU
	EndGlobalSection
	GlobalSection(SolutionProperties) = preSolution
		HideSolutionNode = FALSE
	EndGlobalSection
	GlobalSection(ExtensibilityGlobals) = postSolution
		SolutionGuid = {0625608D-25BD-4141-A89C-46A37FCABC14}
	EndGlobalSection
EndGlobal
